Microsoft Visual Studio Solution File, Format Version 12.00
# Visual Studio Version 17
VisualStudioVersion = 17.5.2.0
MinimumVisualStudioVersion = 10.0.40219.1
Project("{2150E333-8FDC-42A3-9474-1A3956D46DE8}") = "server", "server", "{DAD03CFC-D5FA-AC94-41C7-9ABAB326F09E}"
EndProject
Project("{FAE04EC0-301F-11D3-BF4B-00C04F79EFBC}") = "Tams.Api", "server\Tams.Api\Tams.Api.csproj", "{DFCA6B24-D2C3-217C-66B4-03D9A49FC8E1}"
EndProject
Global
	GlobalSection(SolutionConfigurationPlatforms) = preSolution
		Debug|Any CPU = Debug|Any CPU
		Release|Any CPU = Release|Any CPU
	EndGlobalSection
	GlobalSection(ProjectConfigurationPlatforms) = postSolution
		{DFCA6B24-D2C3-217C-66B4-03D9A49FC8E1}.Debug|Any CPU.ActiveCfg = Debug|Any CPU
		{DFCA6B24-D2C3-217C-66B4-03D9A49FC8E1}.Debug|Any CPU.Build.0 = Debug|Any CPU
		{DFCA6B24-D2C3-217C-66B4-03D9A49FC8E1}.Release|Any CPU.ActiveCfg = Release|Any CPU
		{DFCA6B24-D2C3-217C-66B4-03D9A49FC8E1}.Release|Any CPU.Build.0 = Release|Any CPU
	EndGlobalSection
	GlobalSection(SolutionProperties) = preSolution
		HideSolutionNode = FALSE
	EndGlobalSection
	GlobalSection(NestedProjects) = preSolution
		{DFCA6B24-D2C3-217C-66B4-03D9A49FC8E1} = {DAD03CFC-D5FA-AC94-41C7-9ABAB326F09E}
	EndGlobalSection
	GlobalSection(ExtensibilityGlobals) = postSolution
		SolutionGuid = {E002C288-7E33-4FCD-8816-DE5F8D0E542E}
	EndGlobalSection
EndGlobal
